
Microsoft Visual Studio Solution File, Format Version 12.00
# Visual Studio Version 16
VisualStudioVersion = 16.0.30804.86
MinimumVisualStudioVersion = 10.0.40219.1
Project("{9A19103F-16F7-4668-BE54-9A1E7A4F7556}") = "Bilbayt.Web.API", "Bilbayt.Web.API\Bilbayt.Web.API.csproj", "{406CF87C-6012-417F-99BA-EE940BB28C4B}"
EndProject
Project("{9A19103F-16F7-4668-BE54-9A1E7A4F7556}") = "Bilbayt.Data", "Bilbayt.Data\Bilbayt.Data.csproj", "{D2B16D41-B1FE-4AA2-8110-156CAE8D7568}"
EndProject
Project("{2150E333-8FDC-42A3-9474-1A3956D46DE8}") = "Solution Items", "Solution Items", "{0BFCD493-4233-43F5-B8F9-019193A6B516}"
	ProjectSection(SolutionItems) = preProject
		backend.env = backend.env
		docker-compose.yaml = docker-compose.yaml
		Dockerfile = Dockerfile
	EndProjectSection
EndProject
Project("{9A19103F-16F7-4668-BE54-9A1E7A4F7556}") = "Bilbayt.Domain", "Bilbayt.Domain\Bilbayt.Domain.csproj", "{8B99B51E-46DA-46B6-9EBB-441BC9D9B365}"
EndProject
Project("{2150E333-8FDC-42A3-9474-1A3956D46DE8}") = "Tests", "Tests", "{75560B22-8B45-46E0-9034-96E1AD827F40}"
EndProject
Project("{FAE04EC0-301F-11D3-BF4B-00C04F79EFBC}") = "Bilbayt.Web.API.Tests", "Tests\Bilbayt.Web.API.Tests\Bilbayt.Web.API.Tests.csproj", "{7F0C60CD-D0B2-4C4A-9848-D6AACE6AAFAD}"
EndProject
Global
	GlobalSection(SolutionConfigurationPlatforms) = preSolution
		Debug|Any CPU = Debug|Any CPU
		Release|Any CPU = Release|Any CPU
	EndGlobalSection
	GlobalSection(ProjectConfigurationPlatforms) = postSolution
		{406CF87C-6012-417F-99BA-EE940BB28C4B}.Debug|Any CPU.ActiveCfg = Debug|Any CPU
		{406CF87C-6012-417F-99BA-EE940BB28C4B}.Debug|Any CPU.Build.0 = Debug|Any CPU
		{406CF87C-6012-417F-99BA-EE940BB28C4B}.Release|Any CPU.ActiveCfg = Release|Any CPU
		{406CF87C-6012-417F-99BA-EE940BB28C4B}.Release|Any CPU.Build.0 = Release|Any CPU
		{D2B16D41-B1FE-4AA2-8110-156CAE8D7568}.Debug|Any CPU.ActiveCfg = Debug|Any CPU
		{D2B16D41-B1FE-4AA2-8110-156CAE8D7568}.Debug|Any CPU.Build.0 = Debug|Any CPU
		{D2B16D41-B1FE-4AA2-8110-156CAE8D7568}.Release|Any CPU.ActiveCfg = Release|Any CPU
		{D2B16D41-B1FE-4AA2-8110-156CAE8D7568}.Release|Any CPU.Build.0 = Release|Any CPU
		{8B99B51E-46DA-46B6-9EBB-441BC9D9B365}.Debug|Any CPU.ActiveCfg = Debug|Any CPU
		{8B99B51E-46DA-46B6-9EBB-441BC9D9B365}.Debug|Any CPU.Build.0 = Debug|Any CPU
		{8B99B51E-46DA-46B6-9EBB-441BC9D9B365}.Release|Any CPU.ActiveCfg = Release|Any CPU
		{8B99B51E-46DA-46B6-9EBB-441BC9D9B365}.Release|Any CPU.Build.0 = Release|Any CPU
		{7F0C60CD-D0B2-4C4A-9848-D6AACE6AAFAD}.Debug|Any CPU.ActiveCfg = Debug|Any CPU
		{7F0C60CD-D0B2-4C4A-9848-D6AACE6AAFAD}.Debug|Any CPU.Build.0 = Debug|Any CPU
		{7F0C60CD-D0B2-4C4A-9848-D6AACE6AAFAD}.Release|Any CPU.ActiveCfg = Release|Any CPU
		{7F0C60CD-D0B2-4C4A-9848-D6AACE6AAFAD}.Release|Any CPU.Build.0 = Release|Any CPU
	EndGlobalSection
	GlobalSection(SolutionProperties) = preSolution
		HideSolutionNode = FALSE
	EndGlobalSection
	GlobalSection(ExtensibilityGlobals) = postSolution
		SolutionGuid = {BD30BC25-0C96-45CB-95B9-B3F8D808C1AC}
	EndGlobalSection
	GlobalSection(NestedProjects) = preSolution
		{7F0C60CD-D0B2-4C4A-9848-D6AACE6AAFAD} = {75560B22-8B45-46E0-9034-96E1AD827F40}
	EndGlobalSection
EndGlobal
